
Microsoft Visual Studio Solution File, Format Version 12.00
# Visual Studio Version 17
VisualStudioVersion = 17.1.32421.90
MinimumVisualStudioVersion = 10.0.40219.1
Project("{9A19103F-16F7-4668-BE54-9A1E7A4F7556}") = "PgSql.UniqueCodeGenerator", "PgSql.UniqueCodeGenerator.csproj", "{C33733DC-364B-4C59-A0C2-4A56F309BA65}"
EndProject
Global
	GlobalSection(SolutionConfigurationPlatforms) = preSolution
		Debug|Any CPU = Debug|Any CPU
		Release|Any CPU = Release|Any CPU
	EndGlobalSection
	GlobalSection(ProjectConfigurationPlatforms) = postSolution
		{C33733DC-364B-4C59-A0C2-4A56F309BA65}.Debug|Any CPU.ActiveCfg = Debug|Any CPU
		{C33733DC-364B-4C59-A0C2-4A56F309BA65}.Debug|Any CPU.Build.0 = Debug|Any CPU
		{C33733DC-364B-4C59-A0C2-4A56F309BA65}.Release|Any CPU.ActiveCfg = Release|Any CPU
		{C33733DC-364B-4C59-A0C2-4A56F309BA65}.Release|Any CPU.Build.0 = Release|Any CPU
	EndGlobalSection
	GlobalSection(SolutionProperties) = preSolution
		HideSolutionNode = FALSE
	EndGlobalSection
	GlobalSection(ExtensibilityGlobals) = postSolution
		SolutionGuid = {F6BD8932-6E04-4D26-AFE4-135D85BD75DA}
	EndGlobalSection
EndGlobal
